
Microsoft Visual Studio Solution File, Format Version 12.00
# Visual Studio 2013
VisualStudioVersion = 12.0.21005.1
MinimumVisualStudioVersion = 10.0.40219.1
Project("{FAE04EC0-301F-11D3-BF4B-00C04F79EFBC}") = "League", "League\League.csproj", "{A65542A5-EC6D-47CC-B5CC-B7C0A1976561}"
EndProject
Project("{FAE04EC0-301F-11D3-BF4B-00C04F79EFBC}") = "League.Tests", "League.Tests\League.Tests.csproj", "{A982F0E7-73FC-44FD-A96E-F63F3F67F325}"
EndProject
Global
	GlobalSection(SolutionConfigurationPlatforms) = preSolution
		Debug|Any CPU = Debug|Any CPU
		Release|Any CPU = Release|Any CPU
	EndGlobalSection
	GlobalSection(ProjectConfigurationPlatforms) = postSolution
		{A65542A5-EC6D-47CC-B5CC-B7C0A1976561}.Debug|Any CPU.ActiveCfg = Debug|Any CPU
		{A65542A5-EC6D-47CC-B5CC-B7C0A1976561}.Debug|Any CPU.Build.0 = Debug|Any CPU
		{A65542A5-EC6D-47CC-B5CC-B7C0A1976561}.Release|Any CPU.ActiveCfg = Release|Any CPU
		{A65542A5-EC6D-47CC-B5CC-B7C0A1976561}.Release|Any CPU.Build.0 = Release|Any CPU
		{A982F0E7-73FC-44FD-A96E-F63F3F67F325}.Debug|Any CPU.ActiveCfg = Debug|Any CPU
		{A982F0E7-73FC-44FD-A96E-F63F3F67F325}.Debug|Any CPU.Build.0 = Debug|Any CPU
		{A982F0E7-73FC-44FD-A96E-F63F3F67F325}.Release|Any CPU.ActiveCfg = Release|Any CPU
		{A982F0E7-73FC-44FD-A96E-F63F3F67F325}.Release|Any CPU.Build.0 = Release|Any CPU
	EndGlobalSection
	GlobalSection(SolutionProperties) = preSolution
		HideSolutionNode = FALSE
	EndGlobalSection
EndGlobal
